<?xml version="1.0" encoding="utf-8"?>
<Project ToolsVersion="4.0" xmlns="http://schemas.microsoft.com/developer/msbuild/2003">
  <ItemGroup>
    <ClCompile Include="src\main.cpp">
      <Filter>src</Filter>
    </ClCompile>
    <ClCompile Include="src\config\Config.cpp">
      <Filter>src\config</Filter>
    </ClCompile>
    <ClCompile Include="src\tracker\KinectTracker.cpp">
      <Filter>src\tracker</Filter>
    </ClCompile>
    <ClCompile Include="src\tracker\Tracker.cpp">
      <Filter>src\tracker</Filter>
    </ClCompile>
    <ClCompile Include="src\interface\TestInterfaceLayout.cpp">
      <Filter>src\interface</Filter>
    </ClCompile>
    <ClCompile Include="src\interface\TestKinectInterfaceLayout.cpp">
      <Filter>src\interface</Filter>
    </ClCompile>
    <ClCompile Include="src\facedetector\FaceDetector.cpp">
      <Filter>src\facedetector</Filter>
    </ClCompile>
    <ClCompile Include="src\person\Person.cpp">
      <Filter>src\person</Filter>
    </ClCompile>
    <ClCompile Include="src\facedetector\faceplusplus\FacePlusPlusDetector.cpp">
      <Filter>src\facedetector\faceplusplus</Filter>
    </ClCompile>
    <ClCompile Include="src\facedetector\faceplusplus\FacePlusPlusTypes.cpp">
      <Filter>src\facedetector\faceplusplus</Filter>
    </ClCompile>
    <ClCompile Include="src\tools\http\ofxHttpUtils.cpp">
      <Filter>src\tools\http</Filter>
    </ClCompile>
    <ClCompile Include="..\..\..\addons\ofxDatGui-master\src\ofxDatGui.cpp">
      <Filter>addons\ofxDatGui-master\src</Filter>
    </ClCompile>
    <ClCompile Include="..\..\..\addons\ofxDatGui-master\src\core\ofxDatGuiComponent.cpp">
      <Filter>addons\ofxDatGui-master\src\core</Filter>
    </ClCompile>
    <ClCompile Include="..\..\..\addons\ofxDatGui-master\src\libs\ofxSmartFont\ofxSmartFont.cpp">
      <Filter>addons\ofxDatGui-master\src\libs\ofxSmartFont</Filter>
    </ClCompile>
    <ClCompile Include="..\..\..\addons\ofxJSON-master\src\ofxJSONElement.cpp">
      <Filter>addons\ofxJSON-master\src</Filter>
    </ClCompile>
    <ClCompile Include="..\..\..\addons\ofxJSON-master\libs\jsoncpp\src\jsoncpp.cpp">
      <Filter>addons\ofxJSON-master\libs\jsoncpp\src</Filter>
    </ClCompile>
    <ClCompile Include="src\ui\screens\BaseScreen.cpp">
      <Filter>src\ui\screens</Filter>
    </ClCompile>
    <ClCompile Include="src\ui\screens\WaitScreen.cpp">
      <Filter>src\ui\screens</Filter>
    </ClCompile>
    <ClCompile Include="src\ui\MainAppUIHolder.cpp">
      <Filter>src\ui</Filter>
    </ClCompile>
    <ClCompile Include="src\ofApp.cpp">
      <Filter>src</Filter>
    </ClCompile>
    <ClCompile Include="src\interface\TestMainUIInterfaceLayout.cpp">
      <Filter>src\interface</Filter>
    </ClCompile>
    <ClCompile Include="..\..\..\addons\ofxCinderTimeline-master\libs\cinder\src\cinder\CinderMath.cpp">
      <Filter>addons\ofxCinderTimeline-master\libs\cinder\src\cinder</Filter>
    </ClCompile>
    <ClCompile Include="..\..\..\addons\ofxCinderTimeline-master\libs\cinder\src\cinder\Timeline.cpp">
      <Filter>addons\ofxCinderTimeline-master\libs\cinder\src\cinder</Filter>
    </ClCompile>
    <ClCompile Include="..\..\..\addons\ofxCinderTimeline-master\libs\cinder\src\cinder\TimelineItem.cpp">
      <Filter>addons\ofxCinderTimeline-master\libs\cinder\src\cinder</Filter>
    </ClCompile>
    <ClCompile Include="..\..\..\addons\ofxCinderTimeline-master\libs\cinder\src\cinder\Tween.cpp">
      <Filter>addons\ofxCinderTimeline-master\libs\cinder\src\cinder</Filter>
    </ClCompile>
    <ClCompile Include="src\ui\ScreenController.cpp">
      <Filter>src\ui</Filter>
    </ClCompile>
    <ClCompile Include="src\ui\containers\BaseContainer.cpp">
      <Filter>src\ui\containers</Filter>
    </ClCompile>
    <ClCompile Include="src\ui\cards\BaseCard.cpp">
      <Filter>src\ui\cards</Filter>
    </ClCompile>
    <ClCompile Include="src\ui\screens\WorkScreen.cpp">
      <Filter>src\ui\screens</Filter>
    </ClCompile>
    <ClCompile Include="src\ui\animation\Background.cpp">
      <Filter>src\ui\animation</Filter>
    </ClCompile>
  </ItemGroup>
  <ItemGroup>
    <Filter Include="src">
      <UniqueIdentifier>{d8376475-7454-4a24-b08a-aac121d3ad6f}</UniqueIdentifier>
    </Filter>
    <Filter Include="src\config">
      <UniqueIdentifier>{609a5019-8c92-4728-a88b-43101769f34c}</UniqueIdentifier>
    </Filter>
    <Filter Include="src\tracker">
      <UniqueIdentifier>{d27a5365-cd4e-484c-952c-aa527611ed2f}</UniqueIdentifier>
    </Filter>
    <Filter Include="addons">
      <UniqueIdentifier>{98830103-1a80-4a82-8ed1-70dbeb850358}</UniqueIdentifier>
    </Filter>
    <Filter Include="src\interface">
      <UniqueIdentifier>{aefd5843-d747-4882-b2c6-8202fb9766a3}</UniqueIdentifier>
    </Filter>
    <Filter Include="src\ui">
      <UniqueIdentifier>{34ca6391-ba3d-4a2b-9eda-c89cbe58bd13}</UniqueIdentifier>
    </Filter>
    <Filter Include="src\person">
      <UniqueIdentifier>{5984e83c-5d0e-4f1a-952c-295a5759604a}</UniqueIdentifier>
    </Filter>
    <Filter Include="src\facedetector">
      <UniqueIdentifier>{9131791c-3bdb-4ddb-87c0-1eb5f34e0cc1}</UniqueIdentifier>
    </Filter>
    <Filter Include="src\facedetector\faceplusplus">
      <UniqueIdentifier>{0abb525e-111e-41a4-aab0-c2449f12b410}</UniqueIdentifier>
    </Filter>
    <Filter Include="src\tools">
      <UniqueIdentifier>{8cab577f-b683-4c76-a9c2-d8891bebfdd4}</UniqueIdentifier>
    </Filter>
    <Filter Include="src\tools\http">
      <UniqueIdentifier>{f321bc62-7229-47f3-afb4-828bf3cb5440}</UniqueIdentifier>
    </Filter>
    <Filter Include="addons\ofxDatGui-master">
      <UniqueIdentifier>{2ff857c4-09ae-4627-b16b-39b51fc95592}</UniqueIdentifier>
    </Filter>
    <Filter Include="addons\ofxDatGui-master\src">
      <UniqueIdentifier>{75c55f33-8b7e-4d06-b5ae-3a718a458bb3}</UniqueIdentifier>
    </Filter>
    <Filter Include="addons\ofxDatGui-master\src\components">
      <UniqueIdentifier>{411e6334-3df5-4bc0-81ca-f7703655523a}</UniqueIdentifier>
    </Filter>
    <Filter Include="addons\ofxDatGui-master\src\core">
      <UniqueIdentifier>{b87316c5-afb5-4cca-be66-7b447c894154}</UniqueIdentifier>
    </Filter>
    <Filter Include="addons\ofxDatGui-master\src\libs">
      <UniqueIdentifier>{bddfaef2-c82a-4921-bed2-ee5dcf1ea65a}</UniqueIdentifier>
    </Filter>
    <Filter Include="addons\ofxDatGui-master\src\libs\ofxSmartFont">
      <UniqueIdentifier>{82c13cda-4255-481e-b9d7-68f368771d7a}</UniqueIdentifier>
    </Filter>
    <Filter Include="addons\ofxDatGui-master\src\themes">
      <UniqueIdentifier>{8eb2ba47-c304-4add-9e1f-fae71b0bfdb9}</UniqueIdentifier>
    </Filter>
    <Filter Include="addons\ofxJSON-master">
      <UniqueIdentifier>{0430c5a9-e94f-4446-ad56-2061b6598974}</UniqueIdentifier>
    </Filter>
    <Filter Include="addons\ofxJSON-master\src">
      <UniqueIdentifier>{93a0e158-ac03-430c-b846-7e3225f8e2c0}</UniqueIdentifier>
    </Filter>
    <Filter Include="addons\ofxJSON-master\libs">
      <UniqueIdentifier>{71015b3b-f439-403a-9da8-7bed6c255ed4}</UniqueIdentifier>
    </Filter>
    <Filter Include="addons\ofxJSON-master\libs\jsoncpp">
      <UniqueIdentifier>{f7e774d1-7dff-4858-8498-b3f4b70143c3}</UniqueIdentifier>
    </Filter>
    <Filter Include="addons\ofxJSON-master\libs\jsoncpp\include">
      <UniqueIdentifier>{31ed82ba-b7d0-4b3a-8df8-202118dda7f0}</UniqueIdentifier>
    </Filter>
    <Filter Include="addons\ofxJSON-master\libs\jsoncpp\include\json">
      <UniqueIdentifier>{d079ffb7-fa36-4326-977e-cfa4397798b1}</UniqueIdentifier>
    </Filter>
    <Filter Include="addons\ofxJSON-master\libs\jsoncpp\src">
      <UniqueIdentifier>{a2ef1b4e-8367-4ff6-ba63-2f5251f78638}</UniqueIdentifier>
    </Filter>
    <Filter Include="addons\ofxCinderTimeline-master">
      <UniqueIdentifier>{05004633-cba7-47fc-b861-7cad08936d0b}</UniqueIdentifier>
    </Filter>
    <Filter Include="addons\ofxCinderTimeline-master\src">
      <UniqueIdentifier>{9f9acdd4-610a-4819-810b-ab15777c9f77}</UniqueIdentifier>
    </Filter>
    <Filter Include="addons\ofxCinderTimeline-master\libs">
      <UniqueIdentifier>{ccea9b0b-3dae-46ec-ab45-a03a4a57d192}</UniqueIdentifier>
    </Filter>
    <Filter Include="addons\ofxCinderTimeline-master\libs\cinder">
      <UniqueIdentifier>{130652c7-3734-4c5b-b08e-954e13c926a4}</UniqueIdentifier>
    </Filter>
    <Filter Include="addons\ofxCinderTimeline-master\libs\cinder\include">
      <UniqueIdentifier>{b483e79f-7ea2-4623-8b16-0a7b874aa548}</UniqueIdentifier>
    </Filter>
    <Filter Include="addons\ofxCinderTimeline-master\libs\cinder\include\cinder">
      <UniqueIdentifier>{dbd6e449-a535-47ad-afce-0b45f87fec52}</UniqueIdentifier>
    </Filter>
    <Filter Include="addons\ofxCinderTimeline-master\libs\cinder\src">
      <UniqueIdentifier>{cc9e7973-c473-49a4-93c8-79998f9ec7a1}</UniqueIdentifier>
    </Filter>
    <Filter Include="addons\ofxCinderTimeline-master\libs\cinder\src\cinder">
      <UniqueIdentifier>{8bc25cb7-38a3-4517-a408-b10bbd1f7545}</UniqueIdentifier>
    </Filter>
    <Filter Include="src\ui\screens">
      <UniqueIdentifier>{f15650be-88eb-4de6-9f17-98ba5ce7cae4}</UniqueIdentifier>
    </Filter>
    <Filter Include="src\ui\cards">
      <UniqueIdentifier>{59de6720-bea6-49cf-844f-478f022b6a5d}</UniqueIdentifier>
    </Filter>
    <Filter Include="src\ui\containers">
      <UniqueIdentifier>{d228f1ff-8bfb-4031-97a0-fd67ccea4cef}</UniqueIdentifier>
    </Filter>
    <Filter Include="src\ui\animation">
      <UniqueIdentifier>{bedc2f58-a3d0-4848-8772-941cd85a2cf8}</UniqueIdentifier>
    </Filter>
  </ItemGroup>
  <ItemGroup>
    <ClInclude Include="src\ofApp.h">
      <Filter>src</Filter>
    </ClInclude>
    <ClInclude Include="src\config\Config.h">
      <Filter>src\config</Filter>
    </ClInclude>
    <ClInclude Include="src\tracker\KinectTracker.h">
      <Filter>src\tracker</Filter>
    </ClInclude>
    <ClInclude Include="src\tracker\Tracker.h">
      <Filter>src\tracker</Filter>
    </ClInclude>
    <ClInclude Include="src\interface\TestInterfaceLayout.h">
      <Filter>src\interface</Filter>
    </ClInclude>
    <ClInclude Include="src\interface\TestKinectInterfaceLayout.h">
      <Filter>src\interface</Filter>
    </ClInclude>
    <ClInclude Include="src\facedetector\FaceDetector.h">
      <Filter>src\facedetector</Filter>
    </ClInclude>
    <ClInclude Include="src\person\Person.h">
      <Filter>src\person</Filter>
    </ClInclude>
    <ClInclude Include="src\interface\TestMainUIInterfaceLayout.h">
      <Filter>src\interface</Filter>
    </ClInclude>
    <ClInclude Include="src\facedetector\faceplusplus\FacePlusPlusDetector.h">
      <Filter>src\facedetector\faceplusplus</Filter>
    </ClInclude>
    <ClInclude Include="src\facedetector\faceplusplus\FacePlusPlusTypes.h">
      <Filter>src\facedetector\faceplusplus</Filter>
    </ClInclude>
    <ClInclude Include="src\tools\http\ofxHttpTypes.h">
      <Filter>src\tools\http</Filter>
    </ClInclude>
    <ClInclude Include="src\tools\http\ofxHttpUtils.h">
      <Filter>src\tools\http</Filter>
    </ClInclude>
    <ClInclude Include="..\..\..\addons\ofxDatGui-master\src\ofxDatGui.h">
      <Filter>addons\ofxDatGui-master\src</Filter>
    </ClInclude>
    <ClInclude Include="..\..\..\addons\ofxDatGui-master\src\components\ofxDatGui2dPad.h">
      <Filter>addons\ofxDatGui-master\src\components</Filter>
    </ClInclude>
    <ClInclude Include="..\..\..\addons\ofxDatGui-master\src\components\ofxDatGuiButton.h">
      <Filter>addons\ofxDatGui-master\src\components</Filter>
    </ClInclude>
    <ClInclude Include="..\..\..\addons\ofxDatGui-master\src\components\ofxDatGuiColorPicker.h">
      <Filter>addons\ofxDatGui-master\src\components</Filter>
    </ClInclude>
    <ClInclude Include="..\..\..\addons\ofxDatGui-master\src\components\ofxDatGuiControls.h">
      <Filter>addons\ofxDatGui-master\src\components</Filter>
    </ClInclude>
    <ClInclude Include="..\..\..\addons\ofxDatGui-master\src\components\ofxDatGuiFRM.h">
      <Filter>addons\ofxDatGui-master\src\components</Filter>
    </ClInclude>
    <ClInclude Include="..\..\..\addons\ofxDatGui-master\src\components\ofxDatGuiGroups.h">
      <Filter>addons\ofxDatGui-master\src\components</Filter>
    </ClInclude>
    <ClInclude Include="..\..\..\addons\ofxDatGui-master\src\components\ofxDatGuiLabel.h">
      <Filter>addons\ofxDatGui-master\src\components</Filter>
    </ClInclude>
    <ClInclude Include="..\..\..\addons\ofxDatGui-master\src\components\ofxDatGuiMatrix.h">
      <Filter>addons\ofxDatGui-master\src\components</Filter>
    </ClInclude>
    <ClInclude Include="..\..\..\addons\ofxDatGui-master\src\components\ofxDatGuiScrollView.h">
      <Filter>addons\ofxDatGui-master\src\components</Filter>
    </ClInclude>
    <ClInclude Include="..\..\..\addons\ofxDatGui-master\src\components\ofxDatGuiSlider.h">
      <Filter>addons\ofxDatGui-master\src\components</Filter>
    </ClInclude>
    <ClInclude Include="..\..\..\addons\ofxDatGui-master\src\components\ofxDatGuiTextInput.h">
      <Filter>addons\ofxDatGui-master\src\components</Filter>
    </ClInclude>
    <ClInclude Include="..\..\..\addons\ofxDatGui-master\src\components\ofxDatGuiTextInputField.h">
      <Filter>addons\ofxDatGui-master\src\components</Filter>
    </ClInclude>
    <ClInclude Include="..\..\..\addons\ofxDatGui-master\src\components\ofxDatGuiTimeGraph.h">
      <Filter>addons\ofxDatGui-master\src\components</Filter>
    </ClInclude>
    <ClInclude Include="..\..\..\addons\ofxDatGui-master\src\core\ofxDatGuiComponent.h">
      <Filter>addons\ofxDatGui-master\src\core</Filter>
    </ClInclude>
    <ClInclude Include="..\..\..\addons\ofxDatGui-master\src\core\ofxDatGuiConstants.h">
      <Filter>addons\ofxDatGui-master\src\core</Filter>
    </ClInclude>
    <ClInclude Include="..\..\..\addons\ofxDatGui-master\src\core\ofxDatGuiEvents.h">
      <Filter>addons\ofxDatGui-master\src\core</Filter>
    </ClInclude>
    <ClInclude Include="..\..\..\addons\ofxDatGui-master\src\core\ofxDatGuiIntObject.h">
      <Filter>addons\ofxDatGui-master\src\core</Filter>
    </ClInclude>
    <ClInclude Include="..\..\..\addons\ofxDatGui-master\src\libs\ofxSmartFont\ofxSmartFont.h">
      <Filter>addons\ofxDatGui-master\src\libs\ofxSmartFont</Filter>
    </ClInclude>
    <ClInclude Include="..\..\..\addons\ofxDatGui-master\src\themes\ofxDatGuiTheme.h">
      <Filter>addons\ofxDatGui-master\src\themes</Filter>
    </ClInclude>
    <ClInclude Include="..\..\..\addons\ofxDatGui-master\src\themes\ofxDatGuiThemes.h">
      <Filter>addons\ofxDatGui-master\src\themes</Filter>
    </ClInclude>
    <ClInclude Include="..\..\..\addons\ofxJSON-master\src\ofxJSON.h">
      <Filter>addons\ofxJSON-master\src</Filter>
    </ClInclude>
    <ClInclude Include="..\..\..\addons\ofxJSON-master\src\ofxJSONElement.h">
      <Filter>addons\ofxJSON-master\src</Filter>
    </ClInclude>
    <ClInclude Include="..\..\..\addons\ofxJSON-master\libs\jsoncpp\include\json\json-forwards.h">
      <Filter>addons\ofxJSON-master\libs\jsoncpp\include\json</Filter>
    </ClInclude>
    <ClInclude Include="..\..\..\addons\ofxJSON-master\libs\jsoncpp\include\json\json.h">
      <Filter>addons\ofxJSON-master\libs\jsoncpp\include\json</Filter>
    </ClInclude>
    <ClInclude Include="src\ui\screens\BaseScreen.h">
      <Filter>src\ui\screens</Filter>
    </ClInclude>
    <ClInclude Include="src\ui\screens\WaitScreen.h">
      <Filter>src\ui\screens</Filter>
    </ClInclude>
    <ClInclude Include="src\ui\MainAppUIHolder.h">
      <Filter>src\ui</Filter>
    </ClInclude>
    <ClInclude Include="..\..\..\addons\ofxCinderTimeline-master\src\ofxCinderTimeline.h">
      <Filter>addons\ofxCinderTimeline-master\src</Filter>
    </ClInclude>
    <ClInclude Include="..\..\..\addons\ofxCinderTimeline-master\libs\cinder\include\cinder\Cinder.h">
      <Filter>addons\ofxCinderTimeline-master\libs\cinder\include\cinder</Filter>
    </ClInclude>
    <ClInclude Include="..\..\..\addons\ofxCinderTimeline-master\libs\cinder\include\cinder\CinderMath.h">
      <Filter>addons\ofxCinderTimeline-master\libs\cinder\include\cinder</Filter>
    </ClInclude>
    <ClInclude Include="..\..\..\addons\ofxCinderTimeline-master\libs\cinder\include\cinder\Easing.h">
      <Filter>addons\ofxCinderTimeline-master\libs\cinder\include\cinder</Filter>
    </ClInclude>
    <ClInclude Include="..\..\..\addons\ofxCinderTimeline-master\libs\cinder\include\cinder\Function.h">
      <Filter>addons\ofxCinderTimeline-master\libs\cinder\include\cinder</Filter>
    </ClInclude>
    <ClInclude Include="..\..\..\addons\ofxCinderTimeline-master\libs\cinder\include\cinder\Timeline.h">
      <Filter>addons\ofxCinderTimeline-master\libs\cinder\include\cinder</Filter>
    </ClInclude>
    <ClInclude Include="..\..\..\addons\ofxCinderTimeline-master\libs\cinder\include\cinder\TimelineItem.h">
      <Filter>addons\ofxCinderTimeline-master\libs\cinder\include\cinder</Filter>
    </ClInclude>
    <ClInclude Include="..\..\..\addons\ofxCinderTimeline-master\libs\cinder\include\cinder\Tween.h">
      <Filter>addons\ofxCinderTimeline-master\libs\cinder\include\cinder</Filter>
    </ClInclude>
    <ClInclude Include="src\ui\ScreenController.h">
      <Filter>src\ui</Filter>
    </ClInclude>
    <ClInclude Include="src\ui\containers\BaseContainer.h">
      <Filter>src\ui\containers</Filter>
    </ClInclude>
    <ClInclude Include="src\ui\cards\BaseCard.h">
      <Filter>src\ui\cards</Filter>
    </ClInclude>
    <ClInclude Include="src\ui\screens\WorkScreen.h">
      <Filter>src\ui\screens</Filter>
    </ClInclude>
    <ClInclude Include="src\ui\animation\Background.h">
      <Filter>src\ui\animation</Filter>
    </ClInclude>
  </ItemGroup>
  <ItemGroup>
    <ResourceCompile Include="icon.rc" />
  </ItemGroup>
</Project>