<?xml version="1.0" encoding="utf-8"?>
<Project ToolsVersion="4.0" xmlns="http://schemas.microsoft.com/developer/msbuild/2003">
  <ItemGroup>
    <ClCompile Include="src\ofApp.cpp">
      <Filter>src</Filter>
    </ClCompile>
    <ClCompile Include="src\main.cpp">
      <Filter>src</Filter>
    </ClCompile>
    <ClCompile Include="src\config\Config.cpp">
      <Filter>src\config</Filter>
    </ClCompile>
    <ClCompile Include="src\tracker\KinectTracker.cpp">
      <Filter>src\tracker</Filter>
    </ClCompile>
    <ClCompile Include="src\tracker\Tracker.cpp">
      <Filter>src\tracker</Filter>
    </ClCompile>
    <ClCompile Include="..\..\..\addons\ofxDatGui\src\ofxDatGui.cpp">
      <Filter>addons\ofxDatGui\src</Filter>
    </ClCompile>
    <ClCompile Include="..\..\..\addons\ofxDatGui\src\core\ofxDatGuiComponent.cpp">
      <Filter>addons\ofxDatGui\src\core</Filter>
    </ClCompile>
    <ClCompile Include="..\..\..\addons\ofxDatGui\src\libs\ofxSmartFont\ofxSmartFont.cpp">
      <Filter>addons\ofxDatGui\src\libs\ofxSmartFont</Filter>
    </ClCompile>
    <ClCompile Include="src\interface\TestInterfaceLayout.cpp">
      <Filter>src\interface</Filter>
    </ClCompile>
    <ClCompile Include="src\interface\TestKinectInterfaceLayout.cpp">
      <Filter>src\interface</Filter>
    </ClCompile>
    <ClCompile Include="src\ui\MainAppUIHolder.cpp">
      <Filter>src\ui</Filter>
    </ClCompile>
    <ClCompile Include="src\ui\screens\BaseScreen.cpp">
      <Filter>src\ui\screens</Filter>
    </ClCompile>
    <ClCompile Include="src\ui\screens\WaitScreen.cpp">
      <Filter>src\ui\screens</Filter>
    </ClCompile>
    <ClCompile Include="src\facedetector\FaceDetector.cpp">
      <Filter>src\facedetector</Filter>
    </ClCompile>
    <ClCompile Include="src\person\Person.cpp">
      <Filter>src\person</Filter>
    </ClCompile>
    <ClCompile Include="src\interface\TestMainUIInterfaceLayout.cpp">
      <Filter>src\interface</Filter>
    </ClCompile>
    <ClCompile Include="src\facedetector\faceplusplus\FacePlusPlusDetector.cpp">
      <Filter>src\facedetector\faceplusplus</Filter>
    </ClCompile>
    <ClCompile Include="src\facedetector\faceplusplus\FacePlusPlusTypes.cpp">
      <Filter>src\facedetector\faceplusplus</Filter>
    </ClCompile>
  </ItemGroup>
  <ItemGroup>
    <Filter Include="src">
      <UniqueIdentifier>{d8376475-7454-4a24-b08a-aac121d3ad6f}</UniqueIdentifier>
    </Filter>
    <Filter Include="src\config">
      <UniqueIdentifier>{609a5019-8c92-4728-a88b-43101769f34c}</UniqueIdentifier>
    </Filter>
    <Filter Include="src\tracker">
      <UniqueIdentifier>{d27a5365-cd4e-484c-952c-aa527611ed2f}</UniqueIdentifier>
    </Filter>
    <Filter Include="addons">
      <UniqueIdentifier>{98830103-1a80-4a82-8ed1-70dbeb850358}</UniqueIdentifier>
    </Filter>
    <Filter Include="addons\ofxDatGui">
      <UniqueIdentifier>{aef54174-866c-4175-8953-b795906c31d3}</UniqueIdentifier>
    </Filter>
    <Filter Include="addons\ofxDatGui\src">
      <UniqueIdentifier>{080e47c3-922b-4df3-a82f-2e48d48d84cb}</UniqueIdentifier>
    </Filter>
    <Filter Include="addons\ofxDatGui\src\components">
      <UniqueIdentifier>{17c8d723-6cb1-4b1d-8c03-f280c3decd56}</UniqueIdentifier>
    </Filter>
    <Filter Include="addons\ofxDatGui\src\core">
      <UniqueIdentifier>{67838a56-3e65-424d-ac84-0b68eeb3e472}</UniqueIdentifier>
    </Filter>
    <Filter Include="addons\ofxDatGui\src\libs">
      <UniqueIdentifier>{ec11b762-376c-4afe-a0c4-8c9d51461205}</UniqueIdentifier>
    </Filter>
    <Filter Include="addons\ofxDatGui\src\libs\ofxSmartFont">
      <UniqueIdentifier>{53cd3dea-1089-4472-885d-da964bbb9bf3}</UniqueIdentifier>
    </Filter>
    <Filter Include="addons\ofxDatGui\src\themes">
      <UniqueIdentifier>{ff0391a3-73dc-47e1-91d3-2dab52a97ea4}</UniqueIdentifier>
    </Filter>
    <Filter Include="src\interface">
      <UniqueIdentifier>{aefd5843-d747-4882-b2c6-8202fb9766a3}</UniqueIdentifier>
    </Filter>
    <Filter Include="src\ui">
      <UniqueIdentifier>{34ca6391-ba3d-4a2b-9eda-c89cbe58bd13}</UniqueIdentifier>
    </Filter>
    <Filter Include="src\ui\screens">
      <UniqueIdentifier>{f15650be-88eb-4de6-9f17-98ba5ce7cae4}</UniqueIdentifier>
    </Filter>
    <Filter Include="src\person">
      <UniqueIdentifier>{5984e83c-5d0e-4f1a-952c-295a5759604a}</UniqueIdentifier>
    </Filter>
    <Filter Include="src\facedetector">
      <UniqueIdentifier>{9131791c-3bdb-4ddb-87c0-1eb5f34e0cc1}</UniqueIdentifier>
    </Filter>
    <Filter Include="src\facedetector\faceplusplus">
      <UniqueIdentifier>{0abb525e-111e-41a4-aab0-c2449f12b410}</UniqueIdentifier>
    </Filter>
  </ItemGroup>
  <ItemGroup>
    <ClInclude Include="src\ofApp.h">
      <Filter>src</Filter>
    </ClInclude>
    <ClInclude Include="src\config\Config.h">
      <Filter>src\config</Filter>
    </ClInclude>
    <ClInclude Include="src\tracker\KinectTracker.h">
      <Filter>src\tracker</Filter>
    </ClInclude>
    <ClInclude Include="src\tracker\Tracker.h">
      <Filter>src\tracker</Filter>
    </ClInclude>
    <ClInclude Include="..\..\..\addons\ofxDatGui\src\ofxDatGui.h">
      <Filter>addons\ofxDatGui\src</Filter>
    </ClInclude>
    <ClInclude Include="..\..\..\addons\ofxDatGui\src\components\ofxDatGui2dPad.h">
      <Filter>addons\ofxDatGui\src\components</Filter>
    </ClInclude>
    <ClInclude Include="..\..\..\addons\ofxDatGui\src\components\ofxDatGuiButton.h">
      <Filter>addons\ofxDatGui\src\components</Filter>
    </ClInclude>
    <ClInclude Include="..\..\..\addons\ofxDatGui\src\components\ofxDatGuiColorPicker.h">
      <Filter>addons\ofxDatGui\src\components</Filter>
    </ClInclude>
    <ClInclude Include="..\..\..\addons\ofxDatGui\src\components\ofxDatGuiControls.h">
      <Filter>addons\ofxDatGui\src\components</Filter>
    </ClInclude>
    <ClInclude Include="..\..\..\addons\ofxDatGui\src\components\ofxDatGuiFRM.h">
      <Filter>addons\ofxDatGui\src\components</Filter>
    </ClInclude>
    <ClInclude Include="..\..\..\addons\ofxDatGui\src\components\ofxDatGuiGroups.h">
      <Filter>addons\ofxDatGui\src\components</Filter>
    </ClInclude>
    <ClInclude Include="..\..\..\addons\ofxDatGui\src\components\ofxDatGuiLabel.h">
      <Filter>addons\ofxDatGui\src\components</Filter>
    </ClInclude>
    <ClInclude Include="..\..\..\addons\ofxDatGui\src\components\ofxDatGuiMatrix.h">
      <Filter>addons\ofxDatGui\src\components</Filter>
    </ClInclude>
    <ClInclude Include="..\..\..\addons\ofxDatGui\src\components\ofxDatGuiScrollView.h">
      <Filter>addons\ofxDatGui\src\components</Filter>
    </ClInclude>
    <ClInclude Include="..\..\..\addons\ofxDatGui\src\components\ofxDatGuiSlider.h">
      <Filter>addons\ofxDatGui\src\components</Filter>
    </ClInclude>
    <ClInclude Include="..\..\..\addons\ofxDatGui\src\components\ofxDatGuiTextInput.h">
      <Filter>addons\ofxDatGui\src\components</Filter>
    </ClInclude>
    <ClInclude Include="..\..\..\addons\ofxDatGui\src\components\ofxDatGuiTextInputField.h">
      <Filter>addons\ofxDatGui\src\components</Filter>
    </ClInclude>
    <ClInclude Include="..\..\..\addons\ofxDatGui\src\components\ofxDatGuiTimeGraph.h">
      <Filter>addons\ofxDatGui\src\components</Filter>
    </ClInclude>
    <ClInclude Include="..\..\..\addons\ofxDatGui\src\core\ofxDatGuiComponent.h">
      <Filter>addons\ofxDatGui\src\core</Filter>
    </ClInclude>
    <ClInclude Include="..\..\..\addons\ofxDatGui\src\core\ofxDatGuiConstants.h">
      <Filter>addons\ofxDatGui\src\core</Filter>
    </ClInclude>
    <ClInclude Include="..\..\..\addons\ofxDatGui\src\core\ofxDatGuiEvents.h">
      <Filter>addons\ofxDatGui\src\core</Filter>
    </ClInclude>
    <ClInclude Include="..\..\..\addons\ofxDatGui\src\core\ofxDatGuiIntObject.h">
      <Filter>addons\ofxDatGui\src\core</Filter>
    </ClInclude>
    <ClInclude Include="..\..\..\addons\ofxDatGui\src\libs\ofxSmartFont\ofxSmartFont.h">
      <Filter>addons\ofxDatGui\src\libs\ofxSmartFont</Filter>
    </ClInclude>
    <ClInclude Include="..\..\..\addons\ofxDatGui\src\themes\ofxDatGuiTheme.h">
      <Filter>addons\ofxDatGui\src\themes</Filter>
    </ClInclude>
    <ClInclude Include="..\..\..\addons\ofxDatGui\src\themes\ofxDatGuiThemes.h">
      <Filter>addons\ofxDatGui\src\themes</Filter>
    </ClInclude>
    <ClInclude Include="src\interface\TestInterfaceLayout.h">
      <Filter>src\interface</Filter>
    </ClInclude>
    <ClInclude Include="src\interface\TestKinectInterfaceLayout.h">
      <Filter>src\interface</Filter>
    </ClInclude>
    <ClInclude Include="src\ui\MainAppUIHolder.h">
      <Filter>src\ui</Filter>
    </ClInclude>
    <ClInclude Include="src\ui\screens\BaseScreen.h">
      <Filter>src\ui\screens</Filter>
    </ClInclude>
    <ClInclude Include="src\ui\screens\WaitScreen.h">
      <Filter>src\ui\screens</Filter>
    </ClInclude>
    <ClInclude Include="src\facedetector\FaceDetector.h">
      <Filter>src\facedetector</Filter>
    </ClInclude>
    <ClInclude Include="src\person\Person.h">
      <Filter>src\person</Filter>
    </ClInclude>
    <ClInclude Include="src\interface\TestMainUIInterfaceLayout.h">
      <Filter>src\interface</Filter>
    </ClInclude>
    <ClInclude Include="src\facedetector\faceplusplus\FacePlusPlusDetector.h">
      <Filter>src\facedetector\faceplusplus</Filter>
    </ClInclude>
    <ClInclude Include="src\facedetector\faceplusplus\FacePlusPlusTypes.h">
      <Filter>src\facedetector\faceplusplus</Filter>
    </ClInclude>
  </ItemGroup>
  <ItemGroup>
    <ResourceCompile Include="icon.rc" />
  </ItemGroup>
</Project>